
Microsoft Visual Studio Solution File, Format Version 12.00
# Visual Studio 2013
VisualStudioVersion = 12.0.21005.1
MinimumVisualStudioVersion = 10.0.40219.1
Project("{FAE04EC0-301F-11D3-BF4B-00C04F79EFBC}") = "hlp-lab-7-delegates-and-events", "hlp-lab-7-delegates-and-events\hlp-lab-7-delegates-and-events.csproj", "{A63ABADF-8B83-46C4-99D0-0613248936DB}"
EndProject
Global
	GlobalSection(SolutionConfigurationPlatforms) = preSolution
		Debug|Any CPU = Debug|Any CPU
		Release|Any CPU = Release|Any CPU
	EndGlobalSection
	GlobalSection(ProjectConfigurationPlatforms) = postSolution
		{A63ABADF-8B83-46C4-99D0-0613248936DB}.Debug|Any CPU.ActiveCfg = Debug|Any CPU
		{A63ABADF-8B83-46C4-99D0-0613248936DB}.Debug|Any CPU.Build.0 = Debug|Any CPU
		{A63ABADF-8B83-46C4-99D0-0613248936DB}.Release|Any CPU.ActiveCfg = Release|Any CPU
		{A63ABADF-8B83-46C4-99D0-0613248936DB}.Release|Any CPU.Build.0 = Release|Any CPU
	EndGlobalSection
	GlobalSection(SolutionProperties) = preSolution
		HideSolutionNode = FALSE
	EndGlobalSection
EndGlobal
